// !$*UTF8*$!
{
	archiveVersion = 1;
	classes = {
	};
	objectVersion = 56;
	objects = {

/* Begin PBXBuildFile section */
		2FBD3E242BEAC2D100B0C02C /* binthereApp.swift in Sources */ = {isa = PBXBuildFile; fileRef = 2FBD3E232BEAC2D100B0C02C /* binthereApp.swift */; };
		2FBD3E282BEAC2D100B0C02C /* Item.swift in Sources */ = {isa = PBXBuildFile; fileRef = 2FBD3E272BEAC2D100B0C02C /* Item.swift */; };
		2FBD3E2A2BEAC2D300B0C02C /* Assets.xcassets in Resources */ = {isa = PBXBuildFile; fileRef = 2FBD3E292BEAC2D300B0C02C /* Assets.xcassets */; };
		2FBD3E2D2BEAC2D300B0C02C /* Preview Assets.xcassets in Resources */ = {isa = PBXBuildFile; fileRef = 2FBD3E2C2BEAC2D300B0C02C /* Preview Assets.xcassets */; };
		2FBD3E372BEAC2D300B0C02C /* binthereTests.swift in Sources */ = {isa = PBXBuildFile; fileRef = 2FBD3E362BEAC2D300B0C02C /* binthereTests.swift */; };
		2FBD3E412BEAC2D300B0C02C /* binthereUITests.swift in Sources */ = {isa = PBXBuildFile; fileRef = 2FBD3E402BEAC2D300B0C02C /* binthereUITests.swift */; };
		2FBD3E432BEAC2D300B0C02C /* binthereUITestsLaunchTests.swift in Sources */ = {isa = PBXBuildFile; fileRef = 2FBD3E422BEAC2D300B0C02C /* binthereUITestsLaunchTests.swift */; };
		2FE5B7EF2BEAC6B800A9001C /* ImagePickerView.swift in Sources */ = {isa = PBXBuildFile; fileRef = 2FE5B7EE2BEAC6B800A9001C /* ImagePickerView.swift */; };
		AA00000100000001AAAAAA01 /* QRScannerView.swift in Sources */ = {isa = PBXBuildFile; fileRef = AA00000100000001BBBBBB01 /* QRScannerView.swift */; };
		AA00000100000002AAAAAA01 /* Zone.swift in Sources */ = {isa = PBXBuildFile; fileRef = AA00000100000002BBBBBB01 /* Zone.swift */; };
		AA00000100000003AAAAAA01 /* Bin.swift in Sources */ = {isa = PBXBuildFile; fileRef = AA00000100000003BBBBBB01 /* Bin.swift */; };
		AA00000100000004AAAAAA01 /* CheckoutRecord.swift in Sources */ = {isa = PBXBuildFile; fileRef = AA00000100000004BBBBBB01 /* CheckoutRecord.swift */; };
		AA00000100000005AAAAAA01 /* MainTabView.swift in Sources */ = {isa = PBXBuildFile; fileRef = AA00000100000005BBBBBB01 /* MainTabView.swift */; };
		AA00000100000006AAAAAA01 /* BinListView.swift in Sources */ = {isa = PBXBuildFile; fileRef = AA00000100000006BBBBBB01 /* BinListView.swift */; };
		AA00000100000007AAAAAA01 /* AddBinView.swift in Sources */ = {isa = PBXBuildFile; fileRef = AA00000100000007BBBBBB01 /* AddBinView.swift */; };
		AA00000100000008AAAAAA01 /* BinDetailView.swift in Sources */ = {isa = PBXBuildFile; fileRef = AA00000100000008BBBBBB01 /* BinDetailView.swift */; };
		AA00000100000009AAAAAA01 /* AddItemView.swift in Sources */ = {isa = PBXBuildFile; fileRef = AA00000100000009BBBBBB01 /* AddItemView.swift */; };
		AA0000010000000AAAAAAA01 /* ItemDetailView.swift in Sources */ = {isa = PBXBuildFile; fileRef = AA0000010000000ABBBBBB01 /* ItemDetailView.swift */; };
		AA0000010000000BAAAAAA01 /* AIAnalysisView.swift in Sources */ = {isa = PBXBuildFile; fileRef = AA0000010000000BBBBBBB01 /* AIAnalysisView.swift */; };
		AA0000010000000CAAAAAA01 /* ScannerTab.swift in Sources */ = {isa = PBXBuildFile; fileRef = AA0000010000000CBBBBBB01 /* ScannerTab.swift */; };
		AA0000010000000DAAAAAA01 /* SettingsView.swift in Sources */ = {isa = PBXBuildFile; fileRef = AA0000010000000DBBBBBB01 /* SettingsView.swift */; };
		AA0000010000000EAAAAAA01 /* ZoneManagementView.swift in Sources */ = {isa = PBXBuildFile; fileRef = AA0000010000000EBBBBBB01 /* ZoneManagementView.swift */; };
		AA0000010000000FAAAAAA01 /* ImageStorageService.swift in Sources */ = {isa = PBXBuildFile; fileRef = AA0000010000000FBBBBBB01 /* ImageStorageService.swift */; };
		AA00000100000010AAAAAA01 /* QRGeneratorService.swift in Sources */ = {isa = PBXBuildFile; fileRef = AA00000100000010BBBBBB01 /* QRGeneratorService.swift */; };
		AA00000100000011AAAAAA01 /* ImageAnalysisService.swift in Sources */ = {isa = PBXBuildFile; fileRef = AA00000100000011BBBBBB01 /* ImageAnalysisService.swift */; };
		AA00000100000012AAAAAA01 /* ContentView.swift in Sources */ = {isa = PBXBuildFile; fileRef = 2FBD3E252BEAC2D100B0C02C /* ContentView.swift */; };
		BB00000100000001AAAAAA01 /* ColorPalette.swift in Sources */ = {isa = PBXBuildFile; fileRef = BB00000100000001BBBBBB01 /* ColorPalette.swift */; };
		BB00000100000002AAAAAA01 /* CodeGenerator.swift in Sources */ = {isa = PBXBuildFile; fileRef = BB00000100000002BBBBBB01 /* CodeGenerator.swift */; };
		CC00000100000001AAAAAA01 /* IconPalette.swift in Sources */ = {isa = PBXBuildFile; fileRef = CC00000100000001BBBBBB01 /* IconPalette.swift */; };
		CC00000100000002AAAAAA01 /* ZoneDetailView.swift in Sources */ = {isa = PBXBuildFile; fileRef = CC00000100000002BBBBBB01 /* ZoneDetailView.swift */; };
		CC00000100000003AAAAAA01 /* HomeKitService.swift in Sources */ = {isa = PBXBuildFile; fileRef = CC00000100000003BBBBBB01 /* HomeKitService.swift */; };
		CC00000100000004AAAAAA01 /* ZonesGridView.swift in Sources */ = {isa = PBXBuildFile; fileRef = CC00000100000004BBBBBB01 /* ZonesGridView.swift */; };
		DD00000100000001AAAAAA01 /* NFCService.swift in Sources */ = {isa = PBXBuildFile; fileRef = DD00000100000001BBBBBB01 /* NFCService.swift */; };
		EE00000100000001AAAAAA01 /* CustomAttribute.swift in Sources */ = {isa = PBXBuildFile; fileRef = EE00000100000001BBBBBB01 /* CustomAttribute.swift */; };
		EE00000100000002AAAAAA01 /* CurrencyFormatter.swift in Sources */ = {isa = PBXBuildFile; fileRef = EE00000100000002BBBBBB01 /* CurrencyFormatter.swift */; };
		EE00000100000003AAAAAA01 /* SetValueSheet.swift in Sources */ = {isa = PBXBuildFile; fileRef = EE00000100000003BBBBBB01 /* SetValueSheet.swift */; };
		EE00000100000004AAAAAA01 /* EditAttributeSheet.swift in Sources */ = {isa = PBXBuildFile; fileRef = EE00000100000004BBBBBB01 /* EditAttributeSheet.swift */; };
/* End PBXBuildFile section */

/* Begin PBXContainerItemProxy section */
		2FBD3E332BEAC2D300B0C02C /* PBXContainerItemProxy */ = {
			isa = PBXContainerItemProxy;
			containerPortal = 2FBD3E182BEAC2D100B0C02C /* Project object */;
			proxyType = 1;
			remoteGlobalIDString = 2FBD3E1F2BEAC2D100B0C02C;
			remoteInfo = binthere;
		};
		2FBD3E3D2BEAC2D300B0C02C /* PBXContainerItemProxy */ = {
			isa = PBXContainerItemProxy;
			containerPortal = 2FBD3E182BEAC2D100B0C02C /* Project object */;
			proxyType = 1;
			remoteGlobalIDString = 2FBD3E1F2BEAC2D100B0C02C;
			remoteInfo = binthere;
		};
/* End PBXContainerItemProxy section */

/* Begin PBXFileReference section */
		2FBD3E202BEAC2D100B0C02C /* binthere.app */ = {isa = PBXFileReference; explicitFileType = wrapper.application; includeInIndex = 0; path = binthere.app; sourceTree = BUILT_PRODUCTS_DIR; };
		2FBD3E232BEAC2D100B0C02C /* binthereApp.swift */ = {isa = PBXFileReference; lastKnownFileType = sourcecode.swift; path = binthereApp.swift; sourceTree = "<group>"; };
		2FBD3E252BEAC2D100B0C02C /* ContentView.swift */ = {isa = PBXFileReference; lastKnownFileType = sourcecode.swift; path = ContentView.swift; sourceTree = "<group>"; };
		2FBD3E272BEAC2D100B0C02C /* Item.swift */ = {isa = PBXFileReference; lastKnownFileType = sourcecode.swift; path = Item.swift; sourceTree = "<group>"; };
		2FBD3E292BEAC2D300B0C02C /* Assets.xcassets */ = {isa = PBXFileReference; lastKnownFileType = folder.assetcatalog; path = Assets.xcassets; sourceTree = "<group>"; };
		2FBD3E2C2BEAC2D300B0C02C /* Preview Assets.xcassets */ = {isa = PBXFileReference; lastKnownFileType = folder.assetcatalog; path = "Preview Assets.xcassets"; sourceTree = "<group>"; };
		2FBD3E322BEAC2D300B0C02C /* binthereTests.xctest */ = {isa = PBXFileReference; explicitFileType = wrapper.cfbundle; includeInIndex = 0; path = binthereTests.xctest; sourceTree = BUILT_PRODUCTS_DIR; };
		2FBD3E362BEAC2D300B0C02C /* binthereTests.swift */ = {isa = PBXFileReference; lastKnownFileType = sourcecode.swift; path = binthereTests.swift; sourceTree = "<group>"; };
		2FBD3E3C2BEAC2D300B0C02C /* binthereUITests.xctest */ = {isa = PBXFileReference; explicitFileType = wrapper.cfbundle; includeInIndex = 0; path = binthereUITests.xctest; sourceTree = BUILT_PRODUCTS_DIR; };
		2FBD3E402BEAC2D300B0C02C /* binthereUITests.swift */ = {isa = PBXFileReference; lastKnownFileType = sourcecode.swift; path = binthereUITests.swift; sourceTree = "<group>"; };
		2FBD3E422BEAC2D300B0C02C /* binthereUITestsLaunchTests.swift */ = {isa = PBXFileReference; lastKnownFileType = sourcecode.swift; path = binthereUITestsLaunchTests.swift; sourceTree = "<group>"; };
		2FE5B7EE2BEAC6B800A9001C /* ImagePickerView.swift */ = {isa = PBXFileReference; lastKnownFileType = sourcecode.swift; path = ImagePickerView.swift; sourceTree = "<group>"; };
		AA00000100000001BBBBBB01 /* QRScannerView.swift */ = {isa = PBXFileReference; lastKnownFileType = sourcecode.swift; path = QRScannerView.swift; sourceTree = "<group>"; };
		AA00000100000002BBBBBB01 /* Zone.swift */ = {isa = PBXFileReference; lastKnownFileType = sourcecode.swift; path = Zone.swift; sourceTree = "<group>"; };
		AA00000100000003BBBBBB01 /* Bin.swift */ = {isa = PBXFileReference; lastKnownFileType = sourcecode.swift; path = Bin.swift; sourceTree = "<group>"; };
		AA00000100000004BBBBBB01 /* CheckoutRecord.swift */ = {isa = PBXFileReference; lastKnownFileType = sourcecode.swift; path = CheckoutRecord.swift; sourceTree = "<group>"; };
		AA00000100000005BBBBBB01 /* MainTabView.swift */ = {isa = PBXFileReference; lastKnownFileType = sourcecode.swift; path = MainTabView.swift; sourceTree = "<group>"; };
		AA00000100000006BBBBBB01 /* BinListView.swift */ = {isa = PBXFileReference; lastKnownFileType = sourcecode.swift; path = BinListView.swift; sourceTree = "<group>"; };
		AA00000100000007BBBBBB01 /* AddBinView.swift */ = {isa = PBXFileReference; lastKnownFileType = sourcecode.swift; path = AddBinView.swift; sourceTree = "<group>"; };
		AA00000100000008BBBBBB01 /* BinDetailView.swift */ = {isa = PBXFileReference; lastKnownFileType = sourcecode.swift; path = BinDetailView.swift; sourceTree = "<group>"; };
		AA00000100000009BBBBBB01 /* AddItemView.swift */ = {isa = PBXFileReference; lastKnownFileType = sourcecode.swift; path = AddItemView.swift; sourceTree = "<group>"; };
		AA0000010000000ABBBBBB01 /* ItemDetailView.swift */ = {isa = PBXFileReference; lastKnownFileType = sourcecode.swift; path = ItemDetailView.swift; sourceTree = "<group>"; };
		AA0000010000000BBBBBBB01 /* AIAnalysisView.swift */ = {isa = PBXFileReference; lastKnownFileType = sourcecode.swift; path = AIAnalysisView.swift; sourceTree = "<group>"; };
		AA0000010000000CBBBBBB01 /* ScannerTab.swift */ = {isa = PBXFileReference; lastKnownFileType = sourcecode.swift; path = ScannerTab.swift; sourceTree = "<group>"; };
		AA0000010000000DBBBBBB01 /* SettingsView.swift */ = {isa = PBXFileReference; lastKnownFileType = sourcecode.swift; path = SettingsView.swift; sourceTree = "<group>"; };
		AA0000010000000EBBBBBB01 /* ZoneManagementView.swift */ = {isa = PBXFileReference; lastKnownFileType = sourcecode.swift; path = ZoneManagementView.swift; sourceTree = "<group>"; };
		AA0000010000000FBBBBBB01 /* ImageStorageService.swift */ = {isa = PBXFileReference; lastKnownFileType = sourcecode.swift; path = ImageStorageService.swift; sourceTree = "<group>"; };
		AA00000100000010BBBBBB01 /* QRGeneratorService.swift */ = {isa = PBXFileReference; lastKnownFileType = sourcecode.swift; path = QRGeneratorService.swift; sourceTree = "<group>"; };
		AA00000100000011BBBBBB01 /* ImageAnalysisService.swift */ = {isa = PBXFileReference; lastKnownFileType = sourcecode.swift; path = ImageAnalysisService.swift; sourceTree = "<group>"; };
		BB00000100000001BBBBBB01 /* ColorPalette.swift */ = {isa = PBXFileReference; lastKnownFileType = sourcecode.swift; path = ColorPalette.swift; sourceTree = "<group>"; };
		BB00000100000002BBBBBB01 /* CodeGenerator.swift */ = {isa = PBXFileReference; lastKnownFileType = sourcecode.swift; path = CodeGenerator.swift; sourceTree = "<group>"; };
		CC00000100000001BBBBBB01 /* IconPalette.swift */ = {isa = PBXFileReference; lastKnownFileType = sourcecode.swift; path = IconPalette.swift; sourceTree = "<group>"; };
		CC00000100000002BBBBBB01 /* ZoneDetailView.swift */ = {isa = PBXFileReference; lastKnownFileType = sourcecode.swift; path = ZoneDetailView.swift; sourceTree = "<group>"; };
		CC00000100000003BBBBBB01 /* HomeKitService.swift */ = {isa = PBXFileReference; lastKnownFileType = sourcecode.swift; path = HomeKitService.swift; sourceTree = "<group>"; };
		CC00000100000004BBBBBB01 /* ZonesGridView.swift */ = {isa = PBXFileReference; lastKnownFileType = sourcecode.swift; path = ZonesGridView.swift; sourceTree = "<group>"; };
		DD00000100000001BBBBBB01 /* NFCService.swift */ = {isa = PBXFileReference; lastKnownFileType = sourcecode.swift; path = NFCService.swift; sourceTree = "<group>"; };
		EE00000100000001BBBBBB01 /* CustomAttribute.swift */ = {isa = PBXFileReference; lastKnownFileType = sourcecode.swift; path = CustomAttribute.swift; sourceTree = "<group>"; };
		EE00000100000002BBBBBB01 /* CurrencyFormatter.swift */ = {isa = PBXFileReference; lastKnownFileType = sourcecode.swift; path = CurrencyFormatter.swift; sourceTree = "<group>"; };
		EE00000100000003BBBBBB01 /* SetValueSheet.swift */ = {isa = PBXFileReference; lastKnownFileType = sourcecode.swift; path = SetValueSheet.swift; sourceTree = "<group>"; };
		EE00000100000004BBBBBB01 /* EditAttributeSheet.swift */ = {isa = PBXFileReference; lastKnownFileType = sourcecode.swift; path = EditAttributeSheet.swift; sourceTree = "<group>"; };
		DD00000100000002BBBBBB01 /* binthere.entitlements */ = {isa = PBXFileReference; lastKnownFileType = text.plist.entitlements; path = binthere.entitlements; sourceTree = "<group>"; };
/* End PBXFileReference section */

/* Begin PBXFrameworksBuildPhase section */
		2FBD3E1D2BEAC2D100B0C02C /* Frameworks */ = {
			isa = PBXFrameworksBuildPhase;
			buildActionMask = 2147483647;
			files = (
			);
			runOnlyForDeploymentPostprocessing = 0;
		};
		2FBD3E2F2BEAC2D300B0C02C /* Frameworks */ = {
			isa = PBXFrameworksBuildPhase;
			buildActionMask = 2147483647;
			files = (
			);
			runOnlyForDeploymentPostprocessing = 0;
		};
		2FBD3E392BEAC2D300B0C02C /* Frameworks */ = {
			isa = PBXFrameworksBuildPhase;
			buildActionMask = 2147483647;
			files = (
			);
			runOnlyForDeploymentPostprocessing = 0;
		};
/* End PBXFrameworksBuildPhase section */

/* Begin PBXGroup section */
		2FBD3E172BEAC2D100B0C02C = {
			isa = PBXGroup;
			children = (
				2FBD3E222BEAC2D100B0C02C /* binthere */,
				2FBD3E352BEAC2D300B0C02C /* binthereTests */,
				2FBD3E3F2BEAC2D300B0C02C /* binthereUITests */,
				2FBD3E212BEAC2D100B0C02C /* Products */,
			);
			sourceTree = "<group>";
		};
		2FBD3E212BEAC2D100B0C02C /* Products */ = {
			isa = PBXGroup;
			children = (
				2FBD3E202BEAC2D100B0C02C /* binthere.app */,
				2FBD3E322BEAC2D300B0C02C /* binthereTests.xctest */,
				2FBD3E3C2BEAC2D300B0C02C /* binthereUITests.xctest */,
			);
			name = Products;
			sourceTree = "<group>";
		};
		2FBD3E222BEAC2D100B0C02C /* binthere */ = {
			isa = PBXGroup;
			children = (
				DD00000100000002BBBBBB01 /* binthere.entitlements */,
				2FBD3E232BEAC2D100B0C02C /* binthereApp.swift */,
				2FBD3E252BEAC2D100B0C02C /* ContentView.swift */,
				2FBD3E272BEAC2D100B0C02C /* Item.swift */,
				2FE5B7EE2BEAC6B800A9001C /* ImagePickerView.swift */,
				AA00000100000001BBBBBB01 /* QRScannerView.swift */,
				AA00000100000020CCCCCC01 /* Models */,
				AA00000100000021CCCCCC01 /* Views */,
				AA00000100000022CCCCCC01 /* Services */,
				BB00000100000003CCCCCC01 /* Utilities */,
				2FBD3E292BEAC2D300B0C02C /* Assets.xcassets */,
				2FBD3E2B2BEAC2D300B0C02C /* Preview Content */,
			);
			path = binthere;
			sourceTree = "<group>";
		};
		2FBD3E2B2BEAC2D300B0C02C /* Preview Content */ = {
			isa = PBXGroup;
			children = (
				2FBD3E2C2BEAC2D300B0C02C /* Preview Assets.xcassets */,
			);
			path = "Preview Content";
			sourceTree = "<group>";
		};
		2FBD3E352BEAC2D300B0C02C /* binthereTests */ = {
			isa = PBXGroup;
			children = (
				2FBD3E362BEAC2D300B0C02C /* binthereTests.swift */,
			);
			path = binthereTests;
			sourceTree = "<group>";
		};
		2FBD3E3F2BEAC2D300B0C02C /* binthereUITests */ = {
			isa = PBXGroup;
			children = (
				2FBD3E402BEAC2D300B0C02C /* binthereUITests.swift */,
				2FBD3E422BEAC2D300B0C02C /* binthereUITestsLaunchTests.swift */,
			);
			path = binthereUITests;
			sourceTree = "<group>";
		};
		AA00000100000020CCCCCC01 /* Models */ = {
			isa = PBXGroup;
			children = (
				AA00000100000002BBBBBB01 /* Zone.swift */,
				AA00000100000003BBBBBB01 /* Bin.swift */,
				AA00000100000004BBBBBB01 /* CheckoutRecord.swift */,
				EE00000100000001BBBBBB01 /* CustomAttribute.swift */,
			);
			path = Models;
			sourceTree = "<group>";
		};
		AA00000100000021CCCCCC01 /* Views */ = {
			isa = PBXGroup;
			children = (
				AA00000100000005BBBBBB01 /* MainTabView.swift */,
				AA00000100000023CCCCCC01 /* Bins */,
				AA00000100000024CCCCCC01 /* Items */,
				CC00000100000005CCCCCC01 /* Zones */,
				AA00000100000025CCCCCC01 /* Scanner */,
				AA00000100000026CCCCCC01 /* Settings */,
			);
			path = Views;
			sourceTree = "<group>";
		};
		AA00000100000022CCCCCC01 /* Services */ = {
			isa = PBXGroup;
			children = (
				AA0000010000000FBBBBBB01 /* ImageStorageService.swift */,
				AA00000100000010BBBBBB01 /* QRGeneratorService.swift */,
				AA00000100000011BBBBBB01 /* ImageAnalysisService.swift */,
				CC00000100000003BBBBBB01 /* HomeKitService.swift */,
				DD00000100000001BBBBBB01 /* NFCService.swift */,
			);
			path = Services;
			sourceTree = "<group>";
		};
		AA00000100000023CCCCCC01 /* Bins */ = {
			isa = PBXGroup;
			children = (
				AA00000100000006BBBBBB01 /* BinListView.swift */,
				AA00000100000007BBBBBB01 /* AddBinView.swift */,
				AA00000100000008BBBBBB01 /* BinDetailView.swift */,
			);
			path = Bins;
			sourceTree = "<group>";
		};
		AA00000100000024CCCCCC01 /* Items */ = {
			isa = PBXGroup;
			children = (
				AA00000100000009BBBBBB01 /* AddItemView.swift */,
				AA0000010000000ABBBBBB01 /* ItemDetailView.swift */,
				AA0000010000000BBBBBBB01 /* AIAnalysisView.swift */,
				EE00000100000003BBBBBB01 /* SetValueSheet.swift */,
				EE00000100000004BBBBBB01 /* EditAttributeSheet.swift */,
			);
			path = Items;
			sourceTree = "<group>";
		};
		AA00000100000025CCCCCC01 /* Scanner */ = {
			isa = PBXGroup;
			children = (
				AA0000010000000CBBBBBB01 /* ScannerTab.swift */,
			);
			path = Scanner;
			sourceTree = "<group>";
		};
		AA00000100000026CCCCCC01 /* Settings */ = {
			isa = PBXGroup;
			children = (
				AA0000010000000DBBBBBB01 /* SettingsView.swift */,
				AA0000010000000EBBBBBB01 /* ZoneManagementView.swift */,
				CC00000100000002BBBBBB01 /* ZoneDetailView.swift */,
			);
			path = Settings;
			sourceTree = "<group>";
		};
		BB00000100000003CCCCCC01 /* Utilities */ = {
			isa = PBXGroup;
			children = (
				BB00000100000001BBBBBB01 /* ColorPalette.swift */,
				BB00000100000002BBBBBB01 /* CodeGenerator.swift */,
				CC00000100000001BBBBBB01 /* IconPalette.swift */,
				EE00000100000002BBBBBB01 /* CurrencyFormatter.swift */,
			);
			path = Utilities;
			sourceTree = "<group>";
		};
		CC00000100000005CCCCCC01 /* Zones */ = {
			isa = PBXGroup;
			children = (
				CC00000100000004BBBBBB01 /* ZonesGridView.swift */,
			);
			path = Zones;
			sourceTree = "<group>";
		};
/* End PBXGroup section */

/* Begin PBXNativeTarget section */
		2FBD3E1F2BEAC2D100B0C02C /* binthere */ = {
			isa = PBXNativeTarget;
			buildConfigurationList = 2FBD3E462BEAC2D300B0C02C /* Build configuration list for PBXNativeTarget "binthere" */;
			buildPhases = (
				2FBD3E1C2BEAC2D100B0C02C /* Sources */,
				2FBD3E1D2BEAC2D100B0C02C /* Frameworks */,
				2FBD3E1E2BEAC2D100B0C02C /* Resources */,
			);
			buildRules = (
			);
			dependencies = (
			);
			name = binthere;
			productName = binthere;
			productReference = 2FBD3E202BEAC2D100B0C02C /* binthere.app */;
			productType = "com.apple.product-type.application";
		};
		2FBD3E312BEAC2D300B0C02C /* binthereTests */ = {
			isa = PBXNativeTarget;
			buildConfigurationList = 2FBD3E492BEAC2D300B0C02C /* Build configuration list for PBXNativeTarget "binthereTests" */;
			buildPhases = (
				2FBD3E2E2BEAC2D300B0C02C /* Sources */,
				2FBD3E2F2BEAC2D300B0C02C /* Frameworks */,
				2FBD3E302BEAC2D300B0C02C /* Resources */,
			);
			buildRules = (
			);
			dependencies = (
				2FBD3E342BEAC2D300B0C02C /* PBXTargetDependency */,
			);
			name = binthereTests;
			productName = binthereTests;
			productReference = 2FBD3E322BEAC2D300B0C02C /* binthereTests.xctest */;
			productType = "com.apple.product-type.bundle.unit-test";
		};
		2FBD3E3B2BEAC2D300B0C02C /* binthereUITests */ = {
			isa = PBXNativeTarget;
			buildConfigurationList = 2FBD3E4C2BEAC2D300B0C02C /* Build configuration list for PBXNativeTarget "binthereUITests" */;
			buildPhases = (
				2FBD3E382BEAC2D300B0C02C /* Sources */,
				2FBD3E392BEAC2D300B0C02C /* Frameworks */,
				2FBD3E3A2BEAC2D300B0C02C /* Resources */,
			);
			buildRules = (
			);
			dependencies = (
				2FBD3E3E2BEAC2D300B0C02C /* PBXTargetDependency */,
			);
			name = binthereUITests;
			productName = binthereUITests;
			productReference = 2FBD3E3C2BEAC2D300B0C02C /* binthereUITests.xctest */;
			productType = "com.apple.product-type.bundle.ui-testing";
		};
/* End PBXNativeTarget section */

/* Begin PBXProject section */
		2FBD3E182BEAC2D100B0C02C /* Project object */ = {
			isa = PBXProject;
			attributes = {
				BuildIndependentTargetsInParallel = 1;
				LastSwiftUpdateCheck = 1530;
				LastUpgradeCheck = 2640;
				TargetAttributes = {
					2FBD3E1F2BEAC2D100B0C02C = {
						CreatedOnToolsVersion = 15.3;
					};
					2FBD3E312BEAC2D300B0C02C = {
						CreatedOnToolsVersion = 15.3;
						TestTargetID = 2FBD3E1F2BEAC2D100B0C02C;
					};
					2FBD3E3B2BEAC2D300B0C02C = {
						CreatedOnToolsVersion = 15.3;
						TestTargetID = 2FBD3E1F2BEAC2D100B0C02C;
					};
				};
			};
			buildConfigurationList = 2FBD3E1B2BEAC2D100B0C02C /* Build configuration list for PBXProject "binthere" */;
			compatibilityVersion = "Xcode 14.0";
			developmentRegion = en;
			hasScannedForEncodings = 0;
			knownRegions = (
				en,
				Base,
			);
			mainGroup = 2FBD3E172BEAC2D100B0C02C;
			productRefGroup = 2FBD3E212BEAC2D100B0C02C /* Products */;
			projectDirPath = "";
			projectRoot = "";
			targets = (
				2FBD3E1F2BEAC2D100B0C02C /* binthere */,
				2FBD3E312BEAC2D300B0C02C /* binthereTests */,
				2FBD3E3B2BEAC2D300B0C02C /* binthereUITests */,
			);
		};
/* End PBXProject section */

/* Begin PBXResourcesBuildPhase section */
		2FBD3E1E2BEAC2D100B0C02C /* Resources */ = {
			isa = PBXResourcesBuildPhase;
			buildActionMask = 2147483647;
			files = (
				2FBD3E2D2BEAC2D300B0C02C /* Preview Assets.xcassets in Resources */,
				2FBD3E2A2BEAC2D300B0C02C /* Assets.xcassets in Resources */,
			);
			runOnlyForDeploymentPostprocessing = 0;
		};
		2FBD3E302BEAC2D300B0C02C /* Resources */ = {
			isa = PBXResourcesBuildPhase;
			buildActionMask = 2147483647;
			files = (
			);
			runOnlyForDeploymentPostprocessing = 0;
		};
		2FBD3E3A2BEAC2D300B0C02C /* Resources */ = {
			isa = PBXResourcesBuildPhase;
			buildActionMask = 2147483647;
			files = (
			);
			runOnlyForDeploymentPostprocessing = 0;
		};
/* End PBXResourcesBuildPhase section */

/* Begin PBXSourcesBuildPhase section */
		2FBD3E1C2BEAC2D100B0C02C /* Sources */ = {
			isa = PBXSourcesBuildPhase;
			buildActionMask = 2147483647;
			files = (
				AA00000100000012AAAAAA01 /* ContentView.swift in Sources */,
				2FBD3E282BEAC2D100B0C02C /* Item.swift in Sources */,
				2FBD3E242BEAC2D100B0C02C /* binthereApp.swift in Sources */,
				AA00000100000001AAAAAA01 /* QRScannerView.swift in Sources */,
				2FE5B7EF2BEAC6B800A9001C /* ImagePickerView.swift in Sources */,
				AA00000100000002AAAAAA01 /* Zone.swift in Sources */,
				AA00000100000003AAAAAA01 /* Bin.swift in Sources */,
				AA00000100000004AAAAAA01 /* CheckoutRecord.swift in Sources */,
				AA00000100000005AAAAAA01 /* MainTabView.swift in Sources */,
				AA00000100000006AAAAAA01 /* BinListView.swift in Sources */,
				AA00000100000007AAAAAA01 /* AddBinView.swift in Sources */,
				AA00000100000008AAAAAA01 /* BinDetailView.swift in Sources */,
				AA00000100000009AAAAAA01 /* AddItemView.swift in Sources */,
				AA0000010000000AAAAAAA01 /* ItemDetailView.swift in Sources */,
				AA0000010000000BAAAAAA01 /* AIAnalysisView.swift in Sources */,
				AA0000010000000CAAAAAA01 /* ScannerTab.swift in Sources */,
				AA0000010000000DAAAAAA01 /* SettingsView.swift in Sources */,
				AA0000010000000EAAAAAA01 /* ZoneManagementView.swift in Sources */,
				AA0000010000000FAAAAAA01 /* ImageStorageService.swift in Sources */,
				AA00000100000010AAAAAA01 /* QRGeneratorService.swift in Sources */,
				AA00000100000011AAAAAA01 /* ImageAnalysisService.swift in Sources */,
				BB00000100000001AAAAAA01 /* ColorPalette.swift in Sources */,
				BB00000100000002AAAAAA01 /* CodeGenerator.swift in Sources */,
				CC00000100000001AAAAAA01 /* IconPalette.swift in Sources */,
				CC00000100000002AAAAAA01 /* ZoneDetailView.swift in Sources */,
				CC00000100000003AAAAAA01 /* HomeKitService.swift in Sources */,
				CC00000100000004AAAAAA01 /* ZonesGridView.swift in Sources */,
				DD00000100000001AAAAAA01 /* NFCService.swift in Sources */,
				EE00000100000001AAAAAA01 /* CustomAttribute.swift in Sources */,
				EE00000100000002AAAAAA01 /* CurrencyFormatter.swift in Sources */,
				EE00000100000003AAAAAA01 /* SetValueSheet.swift in Sources */,
				EE00000100000004AAAAAA01 /* EditAttributeSheet.swift in Sources */,
			);
			runOnlyForDeploymentPostprocessing = 0;
		};
		2FBD3E2E2BEAC2D300B0C02C /* Sources */ = {
			isa = PBXSourcesBuildPhase;
			buildActionMask = 2147483647;
			files = (
				2FBD3E372BEAC2D300B0C02C /* binthereTests.swift in Sources */,
			);
			runOnlyForDeploymentPostprocessing = 0;
		};
		2FBD3E382BEAC2D300B0C02C /* Sources */ = {
			isa = PBXSourcesBuildPhase;
			buildActionMask = 2147483647;
			files = (
				2FBD3E432BEAC2D300B0C02C /* binthereUITestsLaunchTests.swift in Sources */,
				2FBD3E412BEAC2D300B0C02C /* binthereUITests.swift in Sources */,
			);
			runOnlyForDeploymentPostprocessing = 0;
		};
/* End PBXSourcesBuildPhase section */

/* Begin PBXTargetDependency section */
		2FBD3E342BEAC2D300B0C02C /* PBXTargetDependency */ = {
			isa = PBXTargetDependency;
			target = 2FBD3E1F2BEAC2D100B0C02C /* binthere */;
			targetProxy = 2FBD3E332BEAC2D300B0C02C /* PBXContainerItemProxy */;
		};
		2FBD3E3E2BEAC2D300B0C02C /* PBXTargetDependency */ = {
			isa = PBXTargetDependency;
			target = 2FBD3E1F2BEAC2D100B0C02C /* binthere */;
			targetProxy = 2FBD3E3D2BEAC2D300B0C02C /* PBXContainerItemProxy */;
		};
/* End PBXTargetDependency section */

/* Begin XCBuildConfiguration section */
		2FBD3E442BEAC2D300B0C02C /* Debug */ = {
			isa = XCBuildConfiguration;
			buildSettings = {
				ALWAYS_SEARCH_USER_PATHS = NO;
				ASSETCATALOG_COMPILER_GENERATE_SWIFT_ASSET_SYMBOL_EXTENSIONS = YES;
				CLANG_ANALYZER_NONNULL = YES;
				CLANG_ANALYZER_NUMBER_OBJECT_CONVERSION = YES_AGGRESSIVE;
				CLANG_CXX_LANGUAGE_STANDARD = "gnu++20";
				CLANG_ENABLE_MODULES = YES;
				CLANG_ENABLE_OBJC_ARC = YES;
				CLANG_ENABLE_OBJC_WEAK = YES;
				CLANG_WARN_BLOCK_CAPTURE_AUTORELEASING = YES;
				CLANG_WARN_BOOL_CONVERSION = YES;
				CLANG_WARN_COMMA = YES;
				CLANG_WARN_CONSTANT_CONVERSION = YES;
				CLANG_WARN_DEPRECATED_OBJC_IMPLEMENTATIONS = YES;
				CLANG_WARN_DIRECT_OBJC_ISA_USAGE = YES_ERROR;
				CLANG_WARN_DOCUMENTATION_COMMENTS = YES;
				CLANG_WARN_EMPTY_BODY = YES;
				CLANG_WARN_ENUM_CONVERSION = YES;
				CLANG_WARN_INFINITE_RECURSION = YES;
				CLANG_WARN_INT_CONVERSION = YES;
				CLANG_WARN_NON_LITERAL_NULL_CONVERSION = YES;
				CLANG_WARN_OBJC_IMPLICIT_RETAIN_SELF = YES;
				CLANG_WARN_OBJC_LITERAL_CONVERSION = YES;
				CLANG_WARN_OBJC_ROOT_CLASS = YES_ERROR;
				CLANG_WARN_QUOTED_INCLUDE_IN_FRAMEWORK_HEADER = YES;
				CLANG_WARN_RANGE_LOOP_ANALYSIS = YES;
				CLANG_WARN_STRICT_PROTOTYPES = YES;
				CLANG_WARN_SUSPICIOUS_MOVE = YES;
				CLANG_WARN_UNGUARDED_AVAILABILITY = YES_AGGRESSIVE;
				CLANG_WARN_UNREACHABLE_CODE = YES;
				CLANG_WARN__DUPLICATE_METHOD_MATCH = YES;
				COPY_PHASE_STRIP = NO;
				DEBUG_INFORMATION_FORMAT = dwarf;
				DEVELOPMENT_TEAM = DNNRHTZRQY;
				ENABLE_STRICT_OBJC_MSGSEND = YES;
				ENABLE_TESTABILITY = YES;
				ENABLE_USER_SCRIPT_SANDBOXING = YES;
				GCC_C_LANGUAGE_STANDARD = gnu17;
				GCC_DYNAMIC_NO_PIC = NO;
				GCC_NO_COMMON_BLOCKS = YES;
				GCC_OPTIMIZATION_LEVEL = 0;
				GCC_PREPROCESSOR_DEFINITIONS = (
					"DEBUG=1",
					"$(inherited)",
				);
				GCC_WARN_64_TO_32_BIT_CONVERSION = YES;
				GCC_WARN_ABOUT_RETURN_TYPE = YES_ERROR;
				GCC_WARN_UNDECLARED_SELECTOR = YES;
				GCC_WARN_UNINITIALIZED_AUTOS = YES_AGGRESSIVE;
				GCC_WARN_UNUSED_FUNCTION = YES;
				GCC_WARN_UNUSED_VARIABLE = YES;
				IPHONEOS_DEPLOYMENT_TARGET = 17.4;
				LOCALIZATION_PREFERS_STRING_CATALOGS = YES;
				MTL_ENABLE_DEBUG_INFO = INCLUDE_SOURCE;
				MTL_FAST_MATH = YES;
				ONLY_ACTIVE_ARCH = YES;
				SDKROOT = iphoneos;
				STRING_CATALOG_GENERATE_SYMBOLS = YES;
				SWIFT_ACTIVE_COMPILATION_CONDITIONS = "DEBUG $(inherited)";
				SWIFT_OPTIMIZATION_LEVEL = "-Onone";
			};
			name = Debug;
		};
		2FBD3E452BEAC2D300B0C02C /* Release */ = {
			isa = XCBuildConfiguration;
			buildSettings = {
				ALWAYS_SEARCH_USER_PATHS = NO;
				ASSETCATALOG_COMPILER_GENERATE_SWIFT_ASSET_SYMBOL_EXTENSIONS = YES;
				CLANG_ANALYZER_NONNULL = YES;
				CLANG_ANALYZER_NUMBER_OBJECT_CONVERSION = YES_AGGRESSIVE;
				CLANG_CXX_LANGUAGE_STANDARD = "gnu++20";
				CLANG_ENABLE_MODULES = YES;
				CLANG_ENABLE_OBJC_ARC = YES;
				CLANG_ENABLE_OBJC_WEAK = YES;
				CLANG_WARN_BLOCK_CAPTURE_AUTORELEASING = YES;
				CLANG_WARN_BOOL_CONVERSION = YES;
				CLANG_WARN_COMMA = YES;
				CLANG_WARN_CONSTANT_CONVERSION = YES;
				CLANG_WARN_DEPRECATED_OBJC_IMPLEMENTATIONS = YES;
				CLANG_WARN_DIRECT_OBJC_ISA_USAGE = YES_ERROR;
				CLANG_WARN_DOCUMENTATION_COMMENTS = YES;
				CLANG_WARN_EMPTY_BODY = YES;
				CLANG_WARN_ENUM_CONVERSION = YES;
				CLANG_WARN_INFINITE_RECURSION = YES;
				CLANG_WARN_INT_CONVERSION = YES;
				CLANG_WARN_NON_LITERAL_NULL_CONVERSION = YES;
				CLANG_WARN_OBJC_IMPLICIT_RETAIN_SELF = YES;
				CLANG_WARN_OBJC_LITERAL_CONVERSION = YES;
				CLANG_WARN_OBJC_ROOT_CLASS = YES_ERROR;
				CLANG_WARN_QUOTED_INCLUDE_IN_FRAMEWORK_HEADER = YES;
				CLANG_WARN_RANGE_LOOP_ANALYSIS = YES;
				CLANG_WARN_STRICT_PROTOTYPES = YES;
				CLANG_WARN_SUSPICIOUS_MOVE = YES;
				CLANG_WARN_UNGUARDED_AVAILABILITY = YES_AGGRESSIVE;
				CLANG_WARN_UNREACHABLE_CODE = YES;
				CLANG_WARN__DUPLICATE_METHOD_MATCH = YES;
				COPY_PHASE_STRIP = NO;
				DEBUG_INFORMATION_FORMAT = "dwarf-with-dsym";
				DEVELOPMENT_TEAM = DNNRHTZRQY;
				ENABLE_NS_ASSERTIONS = NO;
				ENABLE_STRICT_OBJC_MSGSEND = YES;
				ENABLE_USER_SCRIPT_SANDBOXING = YES;
				GCC_C_LANGUAGE_STANDARD = gnu17;
				GCC_NO_COMMON_BLOCKS = YES;
				GCC_WARN_64_TO_32_BIT_CONVERSION = YES;
				GCC_WARN_ABOUT_RETURN_TYPE = YES_ERROR;
				GCC_WARN_UNDECLARED_SELECTOR = YES;
				GCC_WARN_UNINITIALIZED_AUTOS = YES_AGGRESSIVE;
				GCC_WARN_UNUSED_FUNCTION = YES;
				GCC_WARN_UNUSED_VARIABLE = YES;
				IPHONEOS_DEPLOYMENT_TARGET = 17.4;
				LOCALIZATION_PREFERS_STRING_CATALOGS = YES;
				MTL_ENABLE_DEBUG_INFO = NO;
				MTL_FAST_MATH = YES;
				SDKROOT = iphoneos;
				STRING_CATALOG_GENERATE_SYMBOLS = YES;
				SWIFT_COMPILATION_MODE = wholemodule;
				VALIDATE_PRODUCT = YES;
			};
			name = Release;
		};
		2FBD3E472BEAC2D300B0C02C /* Debug */ = {
			isa = XCBuildConfiguration;
			buildSettings = {
				ASSETCATALOG_COMPILER_APPICON_NAME = AppIcon;
				ASSETCATALOG_COMPILER_GLOBAL_ACCENT_COLOR_NAME = AccentColor;
				CODE_SIGN_STYLE = Automatic;
				CURRENT_PROJECT_VERSION = 1;
				DEVELOPMENT_ASSET_PATHS = "\"binthere/Preview Content\"";
				ENABLE_PREVIEWS = YES;
				GENERATE_INFOPLIST_FILE = YES;
				INFOPLIST_KEY_NSCameraUsageDescription = "binthere needs camera access to scan QR codes and take photos of items.";
				INFOPLIST_KEY_NFCReaderUsageDescription = "binthere scans NFC tags to identify bins and items.";
				INFOPLIST_KEY_NSHomeKitUsageDescription = "binthere can import room names from HomeKit to use as zones.";
				CODE_SIGN_ENTITLEMENTS = binthere/binthere.entitlements;
				INFOPLIST_KEY_UIApplicationSceneManifest_Generation = YES;
				INFOPLIST_KEY_UIApplicationSupportsIndirectInputEvents = YES;
				INFOPLIST_KEY_UILaunchScreen_Generation = YES;
				INFOPLIST_KEY_UISupportedInterfaceOrientations_iPad = "UIInterfaceOrientationPortrait UIInterfaceOrientationPortraitUpsideDown UIInterfaceOrientationLandscapeLeft UIInterfaceOrientationLandscapeRight";
				INFOPLIST_KEY_UISupportedInterfaceOrientations_iPhone = "UIInterfaceOrientationPortrait UIInterfaceOrientationLandscapeLeft UIInterfaceOrientationLandscapeRight";
				LD_RUNPATH_SEARCH_PATHS = (
					"$(inherited)",
					"@executable_path/Frameworks",
				);
				MARKETING_VERSION = 1.0;
				PRODUCT_BUNDLE_IDENTIFIER = beeBetter.binthere;
				PRODUCT_NAME = "$(TARGET_NAME)";
				SWIFT_EMIT_LOC_STRINGS = YES;
				SWIFT_VERSION = 5.0;
				TARGETED_DEVICE_FAMILY = "1,2";
			};
			name = Debug;
		};
		2FBD3E482BEAC2D300B0C02C /* Release */ = {
			isa = XCBuildConfiguration;
			buildSettings = {
				ASSETCATALOG_COMPILER_APPICON_NAME = AppIcon;
				ASSETCATALOG_COMPILER_GLOBAL_ACCENT_COLOR_NAME = AccentColor;
				CODE_SIGN_STYLE = Automatic;
				CURRENT_PROJECT_VERSION = 1;
				DEVELOPMENT_ASSET_PATHS = "\"binthere/Preview Content\"";
				ENABLE_PREVIEWS = YES;
				GENERATE_INFOPLIST_FILE = YES;
				INFOPLIST_KEY_NSCameraUsageDescription = "binthere needs camera access to scan QR codes and take photos of items.";
				INFOPLIST_KEY_NFCReaderUsageDescription = "binthere scans NFC tags to identify bins and items.";
				INFOPLIST_KEY_NSHomeKitUsageDescription = "binthere can import room names from HomeKit to use as zones.";
				CODE_SIGN_ENTITLEMENTS = binthere/binthere.entitlements;
				INFOPLIST_KEY_UIApplicationSceneManifest_Generation = YES;
				INFOPLIST_KEY_UIApplicationSupportsIndirectInputEvents = YES;
				INFOPLIST_KEY_UILaunchScreen_Generation = YES;
				INFOPLIST_KEY_UISupportedInterfaceOrientations_iPad = "UIInterfaceOrientationPortrait UIInterfaceOrientationPortraitUpsideDown UIInterfaceOrientationLandscapeLeft UIInterfaceOrientationLandscapeRight";
				INFOPLIST_KEY_UISupportedInterfaceOrientations_iPhone = "UIInterfaceOrientationPortrait UIInterfaceOrientationLandscapeLeft UIInterfaceOrientationLandscapeRight";
				LD_RUNPATH_SEARCH_PATHS = (
					"$(inherited)",
					"@executable_path/Frameworks",
				);
				MARKETING_VERSION = 1.0;
				PRODUCT_BUNDLE_IDENTIFIER = beeBetter.binthere;
				PRODUCT_NAME = "$(TARGET_NAME)";
				SWIFT_EMIT_LOC_STRINGS = YES;
				SWIFT_VERSION = 5.0;
				TARGETED_DEVICE_FAMILY = "1,2";
			};
			name = Release;
		};
		2FBD3E4A2BEAC2D300B0C02C /* Debug */ = {
			isa = XCBuildConfiguration;
			buildSettings = {
				BUNDLE_LOADER = "$(TEST_HOST)";
				CODE_SIGN_STYLE = Automatic;
				CURRENT_PROJECT_VERSION = 1;
				GENERATE_INFOPLIST_FILE = YES;
				IPHONEOS_DEPLOYMENT_TARGET = 17.4;
				MARKETING_VERSION = 1.0;
				PRODUCT_BUNDLE_IDENTIFIER = beeBetter.binthereTests;
				PRODUCT_NAME = "$(TARGET_NAME)";
				SWIFT_EMIT_LOC_STRINGS = NO;
				SWIFT_VERSION = 5.0;
				TARGETED_DEVICE_FAMILY = "1,2";
				TEST_HOST = "$(BUILT_PRODUCTS_DIR)/binthere.app/$(BUNDLE_EXECUTABLE_FOLDER_PATH)/binthere";
			};
			name = Debug;
		};
		2FBD3E4B2BEAC2D300B0C02C /* Release */ = {
			isa = XCBuildConfiguration;
			buildSettings = {
				BUNDLE_LOADER = "$(TEST_HOST)";
				CODE_SIGN_STYLE = Automatic;
				CURRENT_PROJECT_VERSION = 1;
				GENERATE_INFOPLIST_FILE = YES;
				IPHONEOS_DEPLOYMENT_TARGET = 17.4;
				MARKETING_VERSION = 1.0;
				PRODUCT_BUNDLE_IDENTIFIER = beeBetter.binthereTests;
				PRODUCT_NAME = "$(TARGET_NAME)";
				SWIFT_EMIT_LOC_STRINGS = NO;
				SWIFT_VERSION = 5.0;
				TARGETED_DEVICE_FAMILY = "1,2";
				TEST_HOST = "$(BUILT_PRODUCTS_DIR)/binthere.app/$(BUNDLE_EXECUTABLE_FOLDER_PATH)/binthere";
			};
			name = Release;
		};
		2FBD3E4D2BEAC2D300B0C02C /* Debug */ = {
			isa = XCBuildConfiguration;
			buildSettings = {
				CODE_SIGN_STYLE = Automatic;
				CURRENT_PROJECT_VERSION = 1;
				GENERATE_INFOPLIST_FILE = YES;
				MARKETING_VERSION = 1.0;
				PRODUCT_BUNDLE_IDENTIFIER = beeBetter.binthereUITests;
				PRODUCT_NAME = "$(TARGET_NAME)";
				SWIFT_EMIT_LOC_STRINGS = NO;
				SWIFT_VERSION = 5.0;
				TARGETED_DEVICE_FAMILY = "1,2";
				TEST_TARGET_NAME = binthere;
			};
			name = Debug;
		};
		2FBD3E4E2BEAC2D300B0C02C /* Release */ = {
			isa = XCBuildConfiguration;
			buildSettings = {
				CODE_SIGN_STYLE = Automatic;
				CURRENT_PROJECT_VERSION = 1;
				GENERATE_INFOPLIST_FILE = YES;
				MARKETING_VERSION = 1.0;
				PRODUCT_BUNDLE_IDENTIFIER = beeBetter.binthereUITests;
				PRODUCT_NAME = "$(TARGET_NAME)";
				SWIFT_EMIT_LOC_STRINGS = NO;
				SWIFT_VERSION = 5.0;
				TARGETED_DEVICE_FAMILY = "1,2";
				TEST_TARGET_NAME = binthere;
			};
			name = Release;
		};
/* End XCBuildConfiguration section */

/* Begin XCConfigurationList section */
		2FBD3E1B2BEAC2D100B0C02C /* Build configuration list for PBXProject "binthere" */ = {
			isa = XCConfigurationList;
			buildConfigurations = (
				2FBD3E442BEAC2D300B0C02C /* Debug */,
				2FBD3E452BEAC2D300B0C02C /* Release */,
			);
			defaultConfigurationIsVisible = 0;
			defaultConfigurationName = Release;
		};
		2FBD3E462BEAC2D300B0C02C /* Build configuration list for PBXNativeTarget "binthere" */ = {
			isa = XCConfigurationList;
			buildConfigurations = (
				2FBD3E472BEAC2D300B0C02C /* Debug */,
				2FBD3E482BEAC2D300B0C02C /* Release */,
			);
			defaultConfigurationIsVisible = 0;
			defaultConfigurationName = Release;
		};
		2FBD3E492BEAC2D300B0C02C /* Build configuration list for PBXNativeTarget "binthereTests" */ = {
			isa = XCConfigurationList;
			buildConfigurations = (
				2FBD3E4A2BEAC2D300B0C02C /* Debug */,
				2FBD3E4B2BEAC2D300B0C02C /* Release */,
			);
			defaultConfigurationIsVisible = 0;
			defaultConfigurationName = Release;
		};
		2FBD3E4C2BEAC2D300B0C02C /* Build configuration list for PBXNativeTarget "binthereUITests" */ = {
			isa = XCConfigurationList;
			buildConfigurations = (
				2FBD3E4D2BEAC2D300B0C02C /* Debug */,
				2FBD3E4E2BEAC2D300B0C02C /* Release */,
			);
			defaultConfigurationIsVisible = 0;
			defaultConfigurationName = Release;
		};
/* End XCConfigurationList section */
	};
	rootObject = 2FBD3E182BEAC2D100B0C02C /* Project object */;
}
